
Microsoft Visual Studio Solution File, Format Version 12.00
# Visual Studio 15
VisualStudioVersion = 15.0.28307.421
MinimumVisualStudioVersion = 10.0.40219.1
Project("{FAE04EC0-301F-11D3-BF4B-00C04F79EFBC}") = "DesenhoTrelicaUI", "DesenhoTrelicaUI\DesenhoTrelicaUI.csproj", "{778CA95B-5109-415C-9731-D9BBD24717D4}"
EndProject
Global
	GlobalSection(SolutionConfigurationPlatforms) = preSolution
		Debug|Any CPU = Debug|Any CPU
		Release|Any CPU = Release|Any CPU
	EndGlobalSection
	GlobalSection(ProjectConfigurationPlatforms) = postSolution
		{778CA95B-5109-415C-9731-D9BBD24717D4}.Debug|Any CPU.ActiveCfg = Debug|Any CPU
		{778CA95B-5109-415C-9731-D9BBD24717D4}.Debug|Any CPU.Build.0 = Debug|Any CPU
		{778CA95B-5109-415C-9731-D9BBD24717D4}.Release|Any CPU.ActiveCfg = Release|Any CPU
		{778CA95B-5109-415C-9731-D9BBD24717D4}.Release|Any CPU.Build.0 = Release|Any CPU
	EndGlobalSection
	GlobalSection(SolutionProperties) = preSolution
		HideSolutionNode = FALSE
	EndGlobalSection
	GlobalSection(ExtensibilityGlobals) = postSolution
		SolutionGuid = {F3F4CDB7-69E4-4612-AE92-6A1F4D854905}
	EndGlobalSection
EndGlobal
